
Microsoft Visual Studio Solution File, Format Version 12.00
# Visual Studio Version 17
VisualStudioVersion = 17.7.34202.233
MinimumVisualStudioVersion = 10.0.40219.1
Project("{FAE04EC0-301F-11D3-BF4B-00C04F79EFBC}") = "Hasegan_Mihail_Lab 1", "Hasegan_Mihail_Lab 1.csproj", "{B4981632-3363-4116-8802-BE7E0C921A41}"
EndProject
Global
	GlobalSection(SolutionConfigurationPlatforms) = preSolution
		Debug|Any CPU = Debug|Any CPU
		Release|Any CPU = Release|Any CPU
	EndGlobalSection
	GlobalSection(ProjectConfigurationPlatforms) = postSolution
		{B4981632-3363-4116-8802-BE7E0C921A41}.Debug|Any CPU.ActiveCfg = Debug|Any CPU
		{B4981632-3363-4116-8802-BE7E0C921A41}.Debug|Any CPU.Build.0 = Debug|Any CPU
		{B4981632-3363-4116-8802-BE7E0C921A41}.Release|Any CPU.ActiveCfg = Release|Any CPU
		{B4981632-3363-4116-8802-BE7E0C921A41}.Release|Any CPU.Build.0 = Release|Any CPU
	EndGlobalSection
	GlobalSection(SolutionProperties) = preSolution
		HideSolutionNode = FALSE
	EndGlobalSection
	GlobalSection(ExtensibilityGlobals) = postSolution
		SolutionGuid = {8241E996-EB01-4AEA-B5E6-53165D9DBDE8}
	EndGlobalSection
EndGlobal
